
Microsoft Visual Studio Solution File, Format Version 12.00
# Visual Studio Version 16
VisualStudioVersion = 16.0.29613.14
MinimumVisualStudioVersion = 10.0.40219.1
Project("{FAE04EC0-301F-11D3-BF4B-00C04F79EFBC}") = "Triangle", "Triangle\Triangle.csproj", "{38591342-BE99-4888-8195-5A1286B4DC4E}"
EndProject
Global
	GlobalSection(SolutionConfigurationPlatforms) = preSolution
		Debug|Any CPU = Debug|Any CPU
		Release|Any CPU = Release|Any CPU
	EndGlobalSection
	GlobalSection(ProjectConfigurationPlatforms) = postSolution
		{38591342-BE99-4888-8195-5A1286B4DC4E}.Debug|Any CPU.ActiveCfg = Debug|Any CPU
		{38591342-BE99-4888-8195-5A1286B4DC4E}.Debug|Any CPU.Build.0 = Debug|Any CPU
		{38591342-BE99-4888-8195-5A1286B4DC4E}.Release|Any CPU.ActiveCfg = Release|Any CPU
		{38591342-BE99-4888-8195-5A1286B4DC4E}.Release|Any CPU.Build.0 = Release|Any CPU
	EndGlobalSection
	GlobalSection(SolutionProperties) = preSolution
		HideSolutionNode = FALSE
	EndGlobalSection
	GlobalSection(ExtensibilityGlobals) = postSolution
		SolutionGuid = {AF4AAC5E-FFD9-4737-AC89-3738452A445E}
	EndGlobalSection
EndGlobal
